
Microsoft Visual Studio Solution File, Format Version 12.00
# Visual Studio Version 17
VisualStudioVersion = 17.9.34622.214
MinimumVisualStudioVersion = 10.0.40219.1
Project("{FAE04EC0-301F-11D3-BF4B-00C04F79EFBC}") = "DevMagic.Server", "DevMagic.Server\DevMagic.Server.csproj", "{7C91FEF1-CA9E-4FD4-A9B3-183C068E4FF1}"
EndProject
Project("{54A90642-561A-4BB1-A94E-469ADEE60C69}") = "devmagic.client", "devmagic.client\devmagic.client.esproj", "{B61AB66D-835D-48A9-A31F-0F304B472557}"
EndProject
Global
	GlobalSection(SolutionConfigurationPlatforms) = preSolution
		Debug|Any CPU = Debug|Any CPU
		Release|Any CPU = Release|Any CPU
	EndGlobalSection
	GlobalSection(ProjectConfigurationPlatforms) = postSolution
		{7C91FEF1-CA9E-4FD4-A9B3-183C068E4FF1}.Debug|Any CPU.ActiveCfg = Debug|Any CPU
		{7C91FEF1-CA9E-4FD4-A9B3-183C068E4FF1}.Debug|Any CPU.Build.0 = Debug|Any CPU
		{7C91FEF1-CA9E-4FD4-A9B3-183C068E4FF1}.Release|Any CPU.ActiveCfg = Release|Any CPU
		{7C91FEF1-CA9E-4FD4-A9B3-183C068E4FF1}.Release|Any CPU.Build.0 = Release|Any CPU
		{B61AB66D-835D-48A9-A31F-0F304B472557}.Debug|Any CPU.ActiveCfg = Debug|Any CPU
		{B61AB66D-835D-48A9-A31F-0F304B472557}.Debug|Any CPU.Build.0 = Debug|Any CPU
		{B61AB66D-835D-48A9-A31F-0F304B472557}.Debug|Any CPU.Deploy.0 = Debug|Any CPU
		{B61AB66D-835D-48A9-A31F-0F304B472557}.Release|Any CPU.ActiveCfg = Release|Any CPU
		{B61AB66D-835D-48A9-A31F-0F304B472557}.Release|Any CPU.Build.0 = Release|Any CPU
		{B61AB66D-835D-48A9-A31F-0F304B472557}.Release|Any CPU.Deploy.0 = Release|Any CPU
	EndGlobalSection
	GlobalSection(SolutionProperties) = preSolution
		HideSolutionNode = FALSE
	EndGlobalSection
	GlobalSection(ExtensibilityGlobals) = postSolution
		SolutionGuid = {851F02F5-E71A-4943-8E29-0A8AE4F4340C}
	EndGlobalSection
EndGlobal
